// !$*UTF8*$!
{
	archiveVersion = 1;
	classes = {
	};
	objectVersion = 46;
	objects = {

/* Begin PBXBuildFile section */
		185AD3601D0FA06F00ED9EC4 /* AppDelegate.swift in Sources */ = {isa = PBXBuildFile; fileRef = 185AD35F1D0FA06F00ED9EC4 /* AppDelegate.swift */; };
		185AD3621D0FA06F00ED9EC4 /* ViewController.swift in Sources */ = {isa = PBXBuildFile; fileRef = 185AD3611D0FA06F00ED9EC4 /* ViewController.swift */; };
		185AD3651D0FA06F00ED9EC4 /* Main.storyboard in Resources */ = {isa = PBXBuildFile; fileRef = 185AD3631D0FA06F00ED9EC4 /* Main.storyboard */; };
		185AD3671D0FA06F00ED9EC4 /* Assets.xcassets in Resources */ = {isa = PBXBuildFile; fileRef = 185AD3661D0FA06F00ED9EC4 /* Assets.xcassets */; };
		185AD36A1D0FA06F00ED9EC4 /* LaunchScreen.storyboard in Resources */ = {isa = PBXBuildFile; fileRef = 185AD3681D0FA06F00ED9EC4 /* LaunchScreen.storyboard */; };
		185AD3751D0FA06F00ED9EC4 /* FaceBookLoginViewTests.swift in Sources */ = {isa = PBXBuildFile; fileRef = 185AD3741D0FA06F00ED9EC4 /* FaceBookLoginViewTests.swift */; };
		185AD3801D0FA06F00ED9EC4 /* FaceBookLoginViewUITests.swift in Sources */ = {isa = PBXBuildFile; fileRef = 185AD37F1D0FA06F00ED9EC4 /* FaceBookLoginViewUITests.swift */; };
/* End PBXBuildFile section */

/* Begin PBXContainerItemProxy section */
		185AD3711D0FA06F00ED9EC4 /* PBXContainerItemProxy */ = {
			isa = PBXContainerItemProxy;
			containerPortal = 185AD3541D0FA06F00ED9EC4 /* Project object */;
			proxyType = 1;
			remoteGlobalIDString = 185AD35B1D0FA06F00ED9EC4;
			remoteInfo = FaceBookLoginView;
		};
		185AD37C1D0FA06F00ED9EC4 /* PBXContainerItemProxy */ = {
			isa = PBXContainerItemProxy;
			containerPortal = 185AD3541D0FA06F00ED9EC4 /* Project object */;
			proxyType = 1;
			remoteGlobalIDString = 185AD35B1D0FA06F00ED9EC4;
			remoteInfo = FaceBookLoginView;
		};
/* End PBXContainerItemProxy section */

/* Begin PBXFileReference section */
		185AD35C1D0FA06F00ED9EC4 /* FaceBookLoginView.app */ = {isa = PBXFileReference; explicitFileType = wrapper.application; includeInIndex = 0; path = FaceBookLoginView.app; sourceTree = BUILT_PRODUCTS_DIR; };
		185AD35F1D0FA06F00ED9EC4 /* AppDelegate.swift */ = {isa = PBXFileReference; lastKnownFileType = sourcecode.swift; path = AppDelegate.swift; sourceTree = "<group>"; };
		185AD3611D0FA06F00ED9EC4 /* ViewController.swift */ = {isa = PBXFileReference; lastKnownFileType = sourcecode.swift; path = ViewController.swift; sourceTree = "<group>"; };
		185AD3641D0FA06F00ED9EC4 /* Base */ = {isa = PBXFileReference; lastKnownFileType = file.storyboard; name = Base; path = Base.lproj/Main.storyboard; sourceTree = "<group>"; };
		185AD3661D0FA06F00ED9EC4 /* Assets.xcassets */ = {isa = PBXFileReference; lastKnownFileType = folder.assetcatalog; path = Assets.xcassets; sourceTree = "<group>"; };
		185AD3691D0FA06F00ED9EC4 /* Base */ = {isa = PBXFileReference; lastKnownFileType = file.storyboard; name = Base; path = Base.lproj/LaunchScreen.storyboard; sourceTree = "<group>"; };
		185AD36B1D0FA06F00ED9EC4 /* Info.plist */ = {isa = PBXFileReference; lastKnownFileType = text.plist.xml; path = Info.plist; sourceTree = "<group>"; };
		185AD3701D0FA06F00ED9EC4 /* FaceBookLoginViewTests.xctest */ = {isa = PBXFileReference; explicitFileType = wrapper.cfbundle; includeInIndex = 0; path = FaceBookLoginViewTests.xctest; sourceTree = BUILT_PRODUCTS_DIR; };
		185AD3741D0FA06F00ED9EC4 /* FaceBookLoginViewTests.swift */ = {isa = PBXFileReference; lastKnownFileType = sourcecode.swift; path = FaceBookLoginViewTests.swift; sourceTree = "<group>"; };
		185AD3761D0FA06F00ED9EC4 /* Info.plist */ = {isa = PBXFileReference; lastKnownFileType = text.plist.xml; path = Info.plist; sourceTree = "<group>"; };
		185AD37B1D0FA06F00ED9EC4 /* FaceBookLoginViewUITests.xctest */ = {isa = PBXFileReference; explicitFileType = wrapper.cfbundle; includeInIndex = 0; path = FaceBookLoginViewUITests.xctest; sourceTree = BUILT_PRODUCTS_DIR; };
		185AD37F1D0FA06F00ED9EC4 /* FaceBookLoginViewUITests.swift */ = {isa = PBXFileReference; lastKnownFileType = sourcecode.swift; path = FaceBookLoginViewUITests.swift; sourceTree = "<group>"; };
		185AD3811D0FA06F00ED9EC4 /* Info.plist */ = {isa = PBXFileReference; lastKnownFileType = text.plist.xml; path = Info.plist; sourceTree = "<group>"; };
/* End PBXFileReference section */

/* Begin PBXFrameworksBuildPhase section */
		185AD3591D0FA06F00ED9EC4 /* Frameworks */ = {
			isa = PBXFrameworksBuildPhase;
			buildActionMask = 2147483647;
			files = (
			);
			runOnlyForDeploymentPostprocessing = 0;
		};
		185AD36D1D0FA06F00ED9EC4 /* Frameworks */ = {
			isa = PBXFrameworksBuildPhase;
			buildActionMask = 2147483647;
			files = (
			);
			runOnlyForDeploymentPostprocessing = 0;
		};
		185AD3781D0FA06F00ED9EC4 /* Frameworks */ = {
			isa = PBXFrameworksBuildPhase;
			buildActionMask = 2147483647;
			files = (
			);
			runOnlyForDeploymentPostprocessing = 0;
		};
/* End PBXFrameworksBuildPhase section */

/* Begin PBXGroup section */
		185AD3531D0FA06F00ED9EC4 = {
			isa = PBXGroup;
			children = (
				185AD35E1D0FA06F00ED9EC4 /* FaceBookLoginView */,
				185AD3731D0FA06F00ED9EC4 /* FaceBookLoginViewTests */,
				185AD37E1D0FA06F00ED9EC4 /* FaceBookLoginViewUITests */,
				185AD35D1D0FA06F00ED9EC4 /* Products */,
			);
			sourceTree = "<group>";
		};
		185AD35D1D0FA06F00ED9EC4 /* Products */ = {
			isa = PBXGroup;
			children = (
				185AD35C1D0FA06F00ED9EC4 /* FaceBookLoginView.app */,
				185AD3701D0FA06F00ED9EC4 /* FaceBookLoginViewTests.xctest */,
				185AD37B1D0FA06F00ED9EC4 /* FaceBookLoginViewUITests.xctest */,
			);
			name = Products;
			sourceTree = "<group>";
		};
		185AD35E1D0FA06F00ED9EC4 /* FaceBookLoginView */ = {
			isa = PBXGroup;
			children = (
				185AD35F1D0FA06F00ED9EC4 /* AppDelegate.swift */,
				185AD3611D0FA06F00ED9EC4 /* ViewController.swift */,
				185AD3631D0FA06F00ED9EC4 /* Main.storyboard */,
				185AD3661D0FA06F00ED9EC4 /* Assets.xcassets */,
				185AD3681D0FA06F00ED9EC4 /* LaunchScreen.storyboard */,
				185AD36B1D0FA06F00ED9EC4 /* Info.plist */,
			);
			path = FaceBookLoginView;
			sourceTree = "<group>";
		};
		185AD3731D0FA06F00ED9EC4 /* FaceBookLoginViewTests */ = {
			isa = PBXGroup;
			children = (
				185AD3741D0FA06F00ED9EC4 /* FaceBookLoginViewTests.swift */,
				185AD3761D0FA06F00ED9EC4 /* Info.plist */,
			);
			path = FaceBookLoginViewTests;
			sourceTree = "<group>";
		};
		185AD37E1D0FA06F00ED9EC4 /* FaceBookLoginViewUITests */ = {
			isa = PBXGroup;
			children = (
				185AD37F1D0FA06F00ED9EC4 /* FaceBookLoginViewUITests.swift */,
				185AD3811D0FA06F00ED9EC4 /* Info.plist */,
			);
			path = FaceBookLoginViewUITests;
			sourceTree = "<group>";
		};
/* End PBXGroup section */

/* Begin PBXNativeTarget section */
		185AD35B1D0FA06F00ED9EC4 /* FaceBookLoginView */ = {
			isa = PBXNativeTarget;
			buildConfigurationList = 185AD3841D0FA06F00ED9EC4 /* Build configuration list for PBXNativeTarget "FaceBookLoginView" */;
			buildPhases = (
				185AD3581D0FA06F00ED9EC4 /* Sources */,
				185AD3591D0FA06F00ED9EC4 /* Frameworks */,
				185AD35A1D0FA06F00ED9EC4 /* Resources */,
			);
			buildRules = (
			);
			dependencies = (
			);
			name = FaceBookLoginView;
			productName = FaceBookLoginView;
			productReference = 185AD35C1D0FA06F00ED9EC4 /* FaceBookLoginView.app */;
			productType = "com.apple.product-type.application";
		};
		185AD36F1D0FA06F00ED9EC4 /* FaceBookLoginViewTests */ = {
			isa = PBXNativeTarget;
			buildConfigurationList = 185AD3871D0FA06F00ED9EC4 /* Build configuration list for PBXNativeTarget "FaceBookLoginViewTests" */;
			buildPhases = (
				185AD36C1D0FA06F00ED9EC4 /* Sources */,
				185AD36D1D0FA06F00ED9EC4 /* Frameworks */,
				185AD36E1D0FA06F00ED9EC4 /* Resources */,
			);
			buildRules = (
			);
			dependencies = (
				185AD3721D0FA06F00ED9EC4 /* PBXTargetDependency */,
			);
			name = FaceBookLoginViewTests;
			productName = FaceBookLoginViewTests;
			productReference = 185AD3701D0FA06F00ED9EC4 /* FaceBookLoginViewTests.xctest */;
			productType = "com.apple.product-type.bundle.unit-test";
		};
		185AD37A1D0FA06F00ED9EC4 /* FaceBookLoginViewUITests */ = {
			isa = PBXNativeTarget;
			buildConfigurationList = 185AD38A1D0FA06F00ED9EC4 /* Build configuration list for PBXNativeTarget "FaceBookLoginViewUITests" */;
			buildPhases = (
				185AD3771D0FA06F00ED9EC4 /* Sources */,
				185AD3781D0FA06F00ED9EC4 /* Frameworks */,
				185AD3791D0FA06F00ED9EC4 /* Resources */,
			);
			buildRules = (
			);
			dependencies = (
				185AD37D1D0FA06F00ED9EC4 /* PBXTargetDependency */,
			);
			name = FaceBookLoginViewUITests;
			productName = FaceBookLoginViewUITests;
			productReference = 185AD37B1D0FA06F00ED9EC4 /* FaceBookLoginViewUITests.xctest */;
			productType = "com.apple.product-type.bundle.ui-testing";
		};
/* End PBXNativeTarget section */

/* Begin PBXProject section */
		185AD3541D0FA06F00ED9EC4 /* Project object */ = {
			isa = PBXProject;
			attributes = {
				LastSwiftUpdateCheck = 0730;
				LastUpgradeCheck = 0730;
				ORGANIZATIONNAME = pengli.xxn;
				TargetAttributes = {
					185AD35B1D0FA06F00ED9EC4 = {
						CreatedOnToolsVersion = 7.3.1;
						DevelopmentTeam = 6ER5D96NUG;
					};
					185AD36F1D0FA06F00ED9EC4 = {
						CreatedOnToolsVersion = 7.3.1;
						DevelopmentTeam = 6ER5D96NUG;
						TestTargetID = 185AD35B1D0FA06F00ED9EC4;
					};
					185AD37A1D0FA06F00ED9EC4 = {
						CreatedOnToolsVersion = 7.3.1;
						DevelopmentTeam = 6ER5D96NUG;
						TestTargetID = 185AD35B1D0FA06F00ED9EC4;
					};
				};
			};
			buildConfigurationList = 185AD3571D0FA06F00ED9EC4 /* Build configuration list for PBXProject "FaceBookLoginView" */;
			compatibilityVersion = "Xcode 3.2";
			developmentRegion = English;
			hasScannedForEncodings = 0;
			knownRegions = (
				en,
				Base,
			);
			mainGroup = 185AD3531D0FA06F00ED9EC4;
			productRefGroup = 185AD35D1D0FA06F00ED9EC4 /* Products */;
			projectDirPath = "";
			projectRoot = "";
			targets = (
				185AD35B1D0FA06F00ED9EC4 /* FaceBookLoginView */,
				185AD36F1D0FA06F00ED9EC4 /* FaceBookLoginViewTests */,
				185AD37A1D0FA06F00ED9EC4 /* FaceBookLoginViewUITests */,
			);
		};
/* End PBXProject section */

/* Begin PBXResourcesBuildPhase section */
		185AD35A1D0FA06F00ED9EC4 /* Resources */ = {
			isa = PBXResourcesBuildPhase;
			buildActionMask = 2147483647;
			files = (
				185AD36A1D0FA06F00ED9EC4 /* LaunchScreen.storyboard in Resources */,
				185AD3671D0FA06F00ED9EC4 /* Assets.xcassets in Resources */,
				185AD3651D0FA06F00ED9EC4 /* Main.storyboard in Resources */,
			);
			runOnlyForDeploymentPostprocessing = 0;
		};
		185AD36E1D0FA06F00ED9EC4 /* Resources */ = {
			isa = PBXResourcesBuildPhase;
			buildActionMask = 2147483647;
			files = (
			);
			runOnlyForDeploymentPostprocessing = 0;
		};
		185AD3791D0FA06F00ED9EC4 /* Resources */ = {
			isa = PBXResourcesBuildPhase;
			buildActionMask = 2147483647;
			files = (
			);
			runOnlyForDeploymentPostprocessing = 0;
		};
/* End PBXResourcesBuildPhase section */

/* Begin PBXSourcesBuildPhase section */
		185AD3581D0FA06F00ED9EC4 /* Sources */ = {
			isa = PBXSourcesBuildPhase;
			buildActionMask = 2147483647;
			files = (
				185AD3621D0FA06F00ED9EC4 /* ViewController.swift in Sources */,
				185AD3601D0FA06F00ED9EC4 /* AppDelegate.swift in Sources */,
			);
			runOnlyForDeploymentPostprocessing = 0;
		};
		185AD36C1D0FA06F00ED9EC4 /* Sources */ = {
			isa = PBXSourcesBuildPhase;
			buildActionMask = 2147483647;
			files = (
				185AD3751D0FA06F00ED9EC4 /* FaceBookLoginViewTests.swift in Sources */,
			);
			runOnlyForDeploymentPostprocessing = 0;
		};
		185AD3771D0FA06F00ED9EC4 /* Sources */ = {
			isa = PBXSourcesBuildPhase;
			buildActionMask = 2147483647;
			files = (
				185AD3801D0FA06F00ED9EC4 /* FaceBookLoginViewUITests.swift in Sources */,
			);
			runOnlyForDeploymentPostprocessing = 0;
		};
/* End PBXSourcesBuildPhase section */

/* Begin PBXTargetDependency section */
		185AD3721D0FA06F00ED9EC4 /* PBXTargetDependency */ = {
			isa = PBXTargetDependency;
			target = 185AD35B1D0FA06F00ED9EC4 /* FaceBookLoginView */;
			targetProxy = 185AD3711D0FA06F00ED9EC4 /* PBXContainerItemProxy */;
		};
		185AD37D1D0FA06F00ED9EC4 /* PBXTargetDependency */ = {
			isa = PBXTargetDependency;
			target = 185AD35B1D0FA06F00ED9EC4 /* FaceBookLoginView */;
			targetProxy = 185AD37C1D0FA06F00ED9EC4 /* PBXContainerItemProxy */;
		};
/* End PBXTargetDependency section */

/* Begin PBXVariantGroup section */
		185AD3631D0FA06F00ED9EC4 /* Main.storyboard */ = {
			isa = PBXVariantGroup;
			children = (
				185AD3641D0FA06F00ED9EC4 /* Base */,
			);
			name = Main.storyboard;
			sourceTree = "<group>";
		};
		185AD3681D0FA06F00ED9EC4 /* LaunchScreen.storyboard */ = {
			isa = PBXVariantGroup;
			children = (
				185AD3691D0FA06F00ED9EC4 /* Base */,
			);
			name = LaunchScreen.storyboard;
			sourceTree = "<group>";
		};
/* End PBXVariantGroup section */

/* Begin XCBuildConfiguration section */
		185AD3821D0FA06F00ED9EC4 /* Debug */ = {
			isa = XCBuildConfiguration;
			buildSettings = {
				ALWAYS_SEARCH_USER_PATHS = NO;
				CLANG_ANALYZER_NONNULL = YES;
				CLANG_CXX_LANGUAGE_STANDARD = "gnu++0x";
				CLANG_CXX_LIBRARY = "libc++";
				CLANG_ENABLE_MODULES = YES;
				CLANG_ENABLE_OBJC_ARC = YES;
				CLANG_WARN_BOOL_CONVERSION = YES;
				CLANG_WARN_CONSTANT_CONVERSION = YES;
				CLANG_WARN_DIRECT_OBJC_ISA_USAGE = YES_ERROR;
				CLANG_WARN_EMPTY_BODY = YES;
				CLANG_WARN_ENUM_CONVERSION = YES;
				CLANG_WARN_INT_CONVERSION = YES;
				CLANG_WARN_OBJC_ROOT_CLASS = YES_ERROR;
				CLANG_WARN_UNREACHABLE_CODE = YES;
				CLANG_WARN__DUPLICATE_METHOD_MATCH = YES;
				"CODE_SIGN_IDENTITY[sdk=iphoneos*]" = "iPhone Developer";
				COPY_PHASE_STRIP = NO;
				DEBUG_INFORMATION_FORMAT = dwarf;
				ENABLE_STRICT_OBJC_MSGSEND = YES;
				ENABLE_TESTABILITY = YES;
				GCC_C_LANGUAGE_STANDARD = gnu99;
				GCC_DYNAMIC_NO_PIC = NO;
				GCC_NO_COMMON_BLOCKS = YES;
				GCC_OPTIMIZATION_LEVEL = 0;
				GCC_PREPROCESSOR_DEFINITIONS = (
					"DEBUG=1",
					"$(inherited)",
				);
				GCC_WARN_64_TO_32_BIT_CONVERSION = YES;
				GCC_WARN_ABOUT_RETURN_TYPE = YES_ERROR;
				GCC_WARN_UNDECLARED_SELECTOR = YES;
				GCC_WARN_UNINITIALIZED_AUTOS = YES_AGGRESSIVE;
				GCC_WARN_UNUSED_FUNCTION = YES;
				GCC_WARN_UNUSED_VARIABLE = YES;
				IPHONEOS_DEPLOYMENT_TARGET = 9.3;
				MTL_ENABLE_DEBUG_INFO = YES;
				ONLY_ACTIVE_ARCH = YES;
				SDKROOT = iphoneos;
				SWIFT_OPTIMIZATION_LEVEL = "-Onone";
			};
			name = Debug;
		};
		185AD3831D0FA06F00ED9EC4 /* Release */ = {
			isa = XCBuildConfiguration;
			buildSettings = {
				ALWAYS_SEARCH_USER_PATHS = NO;
				CLANG_ANALYZER_NONNULL = YES;
				CLANG_CXX_LANGUAGE_STANDARD = "gnu++0x";
				CLANG_CXX_LIBRARY = "libc++";
				CLANG_ENABLE_MODULES = YES;
				CLANG_ENABLE_OBJC_ARC = YES;
				CLANG_WARN_BOOL_CONVERSION = YES;
				CLANG_WARN_CONSTANT_CONVERSION = YES;
				CLANG_WARN_DIRECT_OBJC_ISA_USAGE = YES_ERROR;
				CLANG_WARN_EMPTY_BODY = YES;
				CLANG_WARN_ENUM_CONVERSION = YES;
				CLANG_WARN_INT_CONVERSION = YES;
				CLANG_WARN_OBJC_ROOT_CLASS = YES_ERROR;
				CLANG_WARN_UNREACHABLE_CODE = YES;
				CLANG_WARN__DUPLICATE_METHOD_MATCH = YES;
				"CODE_SIGN_IDENTITY[sdk=iphoneos*]" = "iPhone Developer";
				COPY_PHASE_STRIP = NO;
				DEBUG_INFORMATION_FORMAT = "dwarf-with-dsym";
				ENABLE_NS_ASSERTIONS = NO;
				ENABLE_STRICT_OBJC_MSGSEND = YES;
				GCC_C_LANGUAGE_STANDARD = gnu99;
				GCC_NO_COMMON_BLOCKS = YES;
				GCC_WARN_64_TO_32_BIT_CONVERSION = YES;
				GCC_WARN_ABOUT_RETURN_TYPE = YES_ERROR;
				GCC_WARN_UNDECLARED_SELECTOR = YES;
				GCC_WARN_UNINITIALIZED_AUTOS = YES_AGGRESSIVE;
				GCC_WARN_UNUSED_FUNCTION = YES;
				GCC_WARN_UNUSED_VARIABLE = YES;
				IPHONEOS_DEPLOYMENT_TARGET = 9.3;
				MTL_ENABLE_DEBUG_INFO = NO;
				SDKROOT = iphoneos;
				VALIDATE_PRODUCT = YES;
			};
			name = Release;
		};
		185AD3851D0FA06F00ED9EC4 /* Debug */ = {
			isa = XCBuildConfiguration;
			buildSettings = {
				ASSETCATALOG_COMPILER_APPICON_NAME = AppIcon;
				INFOPLIST_FILE = FaceBookLoginView/Info.plist;
				LD_RUNPATH_SEARCH_PATHS = "$(inherited) @executable_path/Frameworks";
				PRODUCT_BUNDLE_IDENTIFIER = pengli.xxn.com.FaceBookLoginView;
				PRODUCT_NAME = "$(TARGET_NAME)";
			};
			name = Debug;
		};
		185AD3861D0FA06F00ED9EC4 /* Release */ = {
			isa = XCBuildConfiguration;
			buildSettings = {
				ASSETCATALOG_COMPILER_APPICON_NAME = AppIcon;
				INFOPLIST_FILE = FaceBookLoginView/Info.plist;
				LD_RUNPATH_SEARCH_PATHS = "$(inherited) @executable_path/Frameworks";
				PRODUCT_BUNDLE_IDENTIFIER = pengli.xxn.com.FaceBookLoginView;
				PRODUCT_NAME = "$(TARGET_NAME)";
			};
			name = Release;
		};
		185AD3881D0FA06F00ED9EC4 /* Debug */ = {
			isa = XCBuildConfiguration;
			buildSettings = {
				BUNDLE_LOADER = "$(TEST_HOST)";
				INFOPLIST_FILE = FaceBookLoginViewTests/Info.plist;
				LD_RUNPATH_SEARCH_PATHS = "$(inherited) @executable_path/Frameworks @loader_path/Frameworks";
				PRODUCT_BUNDLE_IDENTIFIER = pengli.xxn.com.FaceBookLoginViewTests;
				PRODUCT_NAME = "$(TARGET_NAME)";
				TEST_HOST = "$(BUILT_PRODUCTS_DIR)/FaceBookLoginView.app/FaceBookLoginView";
			};
			name = Debug;
		};
		185AD3891D0FA06F00ED9EC4 /* Release */ = {
			isa = XCBuildConfiguration;
			buildSettings = {
				BUNDLE_LOADER = "$(TEST_HOST)";
				INFOPLIST_FILE = FaceBookLoginViewTests/Info.plist;
				LD_RUNPATH_SEARCH_PATHS = "$(inherited) @executable_path/Frameworks @loader_path/Frameworks";
				PRODUCT_BUNDLE_IDENTIFIER = pengli.xxn.com.FaceBookLoginViewTests;
				PRODUCT_NAME = "$(TARGET_NAME)";
				TEST_HOST = "$(BUILT_PRODUCTS_DIR)/FaceBookLoginView.app/FaceBookLoginView";
			};
			name = Release;
		};
		185AD38B1D0FA06F00ED9EC4 /* Debug */ = {
			isa = XCBuildConfiguration;
			buildSettings = {
				INFOPLIST_FILE = FaceBookLoginViewUITests/Info.plist;
				LD_RUNPATH_SEARCH_PATHS = "$(inherited) @executable_path/Frameworks @loader_path/Frameworks";
				PRODUCT_BUNDLE_IDENTIFIER = pengli.xxn.com.FaceBookLoginViewUITests;
				PRODUCT_NAME = "$(TARGET_NAME)";
				TEST_TARGET_NAME = FaceBookLoginView;
			};
			name = Debug;
		};
		185AD38C1D0FA06F00ED9EC4 /* Release */ = {
			isa = XCBuildConfiguration;
			buildSettings = {
				INFOPLIST_FILE = FaceBookLoginViewUITests/Info.plist;
				LD_RUNPATH_SEARCH_PATHS = "$(inherited) @executable_path/Frameworks @loader_path/Frameworks";
				PRODUCT_BUNDLE_IDENTIFIER = pengli.xxn.com.FaceBookLoginViewUITests;
				PRODUCT_NAME = "$(TARGET_NAME)";
				TEST_TARGET_NAME = FaceBookLoginView;
			};
			name = Release;
		};
/* End XCBuildConfiguration section */

/* Begin XCConfigurationList section */
		185AD3571D0FA06F00ED9EC4 /* Build configuration list for PBXProject "FaceBookLoginView" */ = {
			isa = XCConfigurationList;
			buildConfigurations = (
				185AD3821D0FA06F00ED9EC4 /* Debug */,
				185AD3831D0FA06F00ED9EC4 /* Release */,
			);
			defaultConfigurationIsVisible = 0;
			defaultConfigurationName = Release;
		};
		185AD3841D0FA06F00ED9EC4 /* Build configuration list for PBXNativeTarget "FaceBookLoginView" */ = {
			isa = XCConfigurationList;
			buildConfigurations = (
				185AD3851D0FA06F00ED9EC4 /* Debug */,
				185AD3861D0FA06F00ED9EC4 /* Release */,
			);
			defaultConfigurationIsVisible = 0;
		};
		185AD3871D0FA06F00ED9EC4 /* Build configuration list for PBXNativeTarget "FaceBookLoginViewTests" */ = {
			isa = XCConfigurationList;
			buildConfigurations = (
				185AD3881D0FA06F00ED9EC4 /* Debug */,
				185AD3891D0FA06F00ED9EC4 /* Release */,
			);
			defaultConfigurationIsVisible = 0;
		};
		185AD38A1D0FA06F00ED9EC4 /* Build configuration list for PBXNativeTarget "FaceBookLoginViewUITests" */ = {
			isa = XCConfigurationList;
			buildConfigurations = (
				185AD38B1D0FA06F00ED9EC4 /* Debug */,
				185AD38C1D0FA06F00ED9EC4 /* Release */,
			);
			defaultConfigurationIsVisible = 0;
		};
/* End XCConfigurationList section */
	};
	rootObject = 185AD3541D0FA06F00ED9EC4 /* Project object */;
}
