// !$*UTF8*$!
{
	archiveVersion = 1;
	classes = {
	};
	objectVersion = 46;
	objects = {

/* Begin PBXBuildFile section */
		18156F3C1D03FD320073BA45 /* AppDelegate.swift in Sources */ = {isa = PBXBuildFile; fileRef = 18156F3B1D03FD320073BA45 /* AppDelegate.swift */; };
		18156F3E1D03FD320073BA45 /* ViewController.swift in Sources */ = {isa = PBXBuildFile; fileRef = 18156F3D1D03FD320073BA45 /* ViewController.swift */; };
		18156F411D03FD320073BA45 /* Main.storyboard in Resources */ = {isa = PBXBuildFile; fileRef = 18156F3F1D03FD320073BA45 /* Main.storyboard */; };
		18156F431D03FD320073BA45 /* Assets.xcassets in Resources */ = {isa = PBXBuildFile; fileRef = 18156F421D03FD320073BA45 /* Assets.xcassets */; };
		18156F461D03FD320073BA45 /* LaunchScreen.storyboard in Resources */ = {isa = PBXBuildFile; fileRef = 18156F441D03FD320073BA45 /* LaunchScreen.storyboard */; };
		18156F511D03FD320073BA45 /* segueTypeDemoTests.swift in Sources */ = {isa = PBXBuildFile; fileRef = 18156F501D03FD320073BA45 /* segueTypeDemoTests.swift */; };
		18156F5C1D03FD320073BA45 /* segueTypeDemoUITests.swift in Sources */ = {isa = PBXBuildFile; fileRef = 18156F5B1D03FD320073BA45 /* segueTypeDemoUITests.swift */; };
		18156F6A1D0406340073BA45 /* SegueHandlerType.swift in Sources */ = {isa = PBXBuildFile; fileRef = 18156F691D0406340073BA45 /* SegueHandlerType.swift */; };
		18156F6C1D040AFA0073BA45 /* View1.swift in Sources */ = {isa = PBXBuildFile; fileRef = 18156F6B1D040AFA0073BA45 /* View1.swift */; };
		18156F6F1D040B070073BA45 /* View2.swift in Sources */ = {isa = PBXBuildFile; fileRef = 18156F6D1D040B070073BA45 /* View2.swift */; };
/* End PBXBuildFile section */

/* Begin PBXContainerItemProxy section */
		18156F4D1D03FD320073BA45 /* PBXContainerItemProxy */ = {
			isa = PBXContainerItemProxy;
			containerPortal = 18156F301D03FD310073BA45 /* Project object */;
			proxyType = 1;
			remoteGlobalIDString = 18156F371D03FD310073BA45;
			remoteInfo = segueTypeDemo;
		};
		18156F581D03FD320073BA45 /* PBXContainerItemProxy */ = {
			isa = PBXContainerItemProxy;
			containerPortal = 18156F301D03FD310073BA45 /* Project object */;
			proxyType = 1;
			remoteGlobalIDString = 18156F371D03FD310073BA45;
			remoteInfo = segueTypeDemo;
		};
/* End PBXContainerItemProxy section */

/* Begin PBXFileReference section */
		18156F381D03FD310073BA45 /* segueTypeDemo.app */ = {isa = PBXFileReference; explicitFileType = wrapper.application; includeInIndex = 0; path = segueTypeDemo.app; sourceTree = BUILT_PRODUCTS_DIR; };
		18156F3B1D03FD320073BA45 /* AppDelegate.swift */ = {isa = PBXFileReference; lastKnownFileType = sourcecode.swift; path = AppDelegate.swift; sourceTree = "<group>"; };
		18156F3D1D03FD320073BA45 /* ViewController.swift */ = {isa = PBXFileReference; lastKnownFileType = sourcecode.swift; path = ViewController.swift; sourceTree = "<group>"; };
		18156F401D03FD320073BA45 /* Base */ = {isa = PBXFileReference; lastKnownFileType = file.storyboard; name = Base; path = Base.lproj/Main.storyboard; sourceTree = "<group>"; };
		18156F421D03FD320073BA45 /* Assets.xcassets */ = {isa = PBXFileReference; lastKnownFileType = folder.assetcatalog; path = Assets.xcassets; sourceTree = "<group>"; };
		18156F451D03FD320073BA45 /* Base */ = {isa = PBXFileReference; lastKnownFileType = file.storyboard; name = Base; path = Base.lproj/LaunchScreen.storyboard; sourceTree = "<group>"; };
		18156F471D03FD320073BA45 /* Info.plist */ = {isa = PBXFileReference; lastKnownFileType = text.plist.xml; path = Info.plist; sourceTree = "<group>"; };
		18156F4C1D03FD320073BA45 /* segueTypeDemoTests.xctest */ = {isa = PBXFileReference; explicitFileType = wrapper.cfbundle; includeInIndex = 0; path = segueTypeDemoTests.xctest; sourceTree = BUILT_PRODUCTS_DIR; };
		18156F501D03FD320073BA45 /* segueTypeDemoTests.swift */ = {isa = PBXFileReference; lastKnownFileType = sourcecode.swift; path = segueTypeDemoTests.swift; sourceTree = "<group>"; };
		18156F521D03FD320073BA45 /* Info.plist */ = {isa = PBXFileReference; lastKnownFileType = text.plist.xml; path = Info.plist; sourceTree = "<group>"; };
		18156F571D03FD320073BA45 /* segueTypeDemoUITests.xctest */ = {isa = PBXFileReference; explicitFileType = wrapper.cfbundle; includeInIndex = 0; path = segueTypeDemoUITests.xctest; sourceTree = BUILT_PRODUCTS_DIR; };
		18156F5B1D03FD320073BA45 /* segueTypeDemoUITests.swift */ = {isa = PBXFileReference; lastKnownFileType = sourcecode.swift; path = segueTypeDemoUITests.swift; sourceTree = "<group>"; };
		18156F5D1D03FD320073BA45 /* Info.plist */ = {isa = PBXFileReference; lastKnownFileType = text.plist.xml; path = Info.plist; sourceTree = "<group>"; };
		18156F691D0406340073BA45 /* SegueHandlerType.swift */ = {isa = PBXFileReference; fileEncoding = 4; lastKnownFileType = sourcecode.swift; path = SegueHandlerType.swift; sourceTree = "<group>"; };
		18156F6B1D040AFA0073BA45 /* View1.swift */ = {isa = PBXFileReference; fileEncoding = 4; lastKnownFileType = sourcecode.swift; path = View1.swift; sourceTree = "<group>"; };
		18156F6D1D040B070073BA45 /* View2.swift */ = {isa = PBXFileReference; fileEncoding = 4; lastKnownFileType = sourcecode.swift; path = View2.swift; sourceTree = "<group>"; };
/* End PBXFileReference section */

/* Begin PBXFrameworksBuildPhase section */
		18156F351D03FD310073BA45 /* Frameworks */ = {
			isa = PBXFrameworksBuildPhase;
			buildActionMask = 2147483647;
			files = (
			);
			runOnlyForDeploymentPostprocessing = 0;
		};
		18156F491D03FD320073BA45 /* Frameworks */ = {
			isa = PBXFrameworksBuildPhase;
			buildActionMask = 2147483647;
			files = (
			);
			runOnlyForDeploymentPostprocessing = 0;
		};
		18156F541D03FD320073BA45 /* Frameworks */ = {
			isa = PBXFrameworksBuildPhase;
			buildActionMask = 2147483647;
			files = (
			);
			runOnlyForDeploymentPostprocessing = 0;
		};
/* End PBXFrameworksBuildPhase section */

/* Begin PBXGroup section */
		18156F2F1D03FD310073BA45 = {
			isa = PBXGroup;
			children = (
				18156F3A1D03FD310073BA45 /* segueTypeDemo */,
				18156F4F1D03FD320073BA45 /* segueTypeDemoTests */,
				18156F5A1D03FD320073BA45 /* segueTypeDemoUITests */,
				18156F391D03FD310073BA45 /* Products */,
			);
			sourceTree = "<group>";
		};
		18156F391D03FD310073BA45 /* Products */ = {
			isa = PBXGroup;
			children = (
				18156F381D03FD310073BA45 /* segueTypeDemo.app */,
				18156F4C1D03FD320073BA45 /* segueTypeDemoTests.xctest */,
				18156F571D03FD320073BA45 /* segueTypeDemoUITests.xctest */,
			);
			name = Products;
			sourceTree = "<group>";
		};
		18156F3A1D03FD310073BA45 /* segueTypeDemo */ = {
			isa = PBXGroup;
			children = (
				18156F3B1D03FD320073BA45 /* AppDelegate.swift */,
				18156F3D1D03FD320073BA45 /* ViewController.swift */,
				18156F3F1D03FD320073BA45 /* Main.storyboard */,
				18156F421D03FD320073BA45 /* Assets.xcassets */,
				18156F441D03FD320073BA45 /* LaunchScreen.storyboard */,
				18156F471D03FD320073BA45 /* Info.plist */,
				18156F691D0406340073BA45 /* SegueHandlerType.swift */,
				18156F6B1D040AFA0073BA45 /* View1.swift */,
				18156F6D1D040B070073BA45 /* View2.swift */,
			);
			path = segueTypeDemo;
			sourceTree = "<group>";
		};
		18156F4F1D03FD320073BA45 /* segueTypeDemoTests */ = {
			isa = PBXGroup;
			children = (
				18156F501D03FD320073BA45 /* segueTypeDemoTests.swift */,
				18156F521D03FD320073BA45 /* Info.plist */,
			);
			path = segueTypeDemoTests;
			sourceTree = "<group>";
		};
		18156F5A1D03FD320073BA45 /* segueTypeDemoUITests */ = {
			isa = PBXGroup;
			children = (
				18156F5B1D03FD320073BA45 /* segueTypeDemoUITests.swift */,
				18156F5D1D03FD320073BA45 /* Info.plist */,
			);
			path = segueTypeDemoUITests;
			sourceTree = "<group>";
		};
/* End PBXGroup section */

/* Begin PBXNativeTarget section */
		18156F371D03FD310073BA45 /* segueTypeDemo */ = {
			isa = PBXNativeTarget;
			buildConfigurationList = 18156F601D03FD320073BA45 /* Build configuration list for PBXNativeTarget "segueTypeDemo" */;
			buildPhases = (
				18156F341D03FD310073BA45 /* Sources */,
				18156F351D03FD310073BA45 /* Frameworks */,
				18156F361D03FD310073BA45 /* Resources */,
			);
			buildRules = (
			);
			dependencies = (
			);
			name = segueTypeDemo;
			productName = segueTypeDemo;
			productReference = 18156F381D03FD310073BA45 /* segueTypeDemo.app */;
			productType = "com.apple.product-type.application";
		};
		18156F4B1D03FD320073BA45 /* segueTypeDemoTests */ = {
			isa = PBXNativeTarget;
			buildConfigurationList = 18156F631D03FD320073BA45 /* Build configuration list for PBXNativeTarget "segueTypeDemoTests" */;
			buildPhases = (
				18156F481D03FD320073BA45 /* Sources */,
				18156F491D03FD320073BA45 /* Frameworks */,
				18156F4A1D03FD320073BA45 /* Resources */,
			);
			buildRules = (
			);
			dependencies = (
				18156F4E1D03FD320073BA45 /* PBXTargetDependency */,
			);
			name = segueTypeDemoTests;
			productName = segueTypeDemoTests;
			productReference = 18156F4C1D03FD320073BA45 /* segueTypeDemoTests.xctest */;
			productType = "com.apple.product-type.bundle.unit-test";
		};
		18156F561D03FD320073BA45 /* segueTypeDemoUITests */ = {
			isa = PBXNativeTarget;
			buildConfigurationList = 18156F661D03FD320073BA45 /* Build configuration list for PBXNativeTarget "segueTypeDemoUITests" */;
			buildPhases = (
				18156F531D03FD320073BA45 /* Sources */,
				18156F541D03FD320073BA45 /* Frameworks */,
				18156F551D03FD320073BA45 /* Resources */,
			);
			buildRules = (
			);
			dependencies = (
				18156F591D03FD320073BA45 /* PBXTargetDependency */,
			);
			name = segueTypeDemoUITests;
			productName = segueTypeDemoUITests;
			productReference = 18156F571D03FD320073BA45 /* segueTypeDemoUITests.xctest */;
			productType = "com.apple.product-type.bundle.ui-testing";
		};
/* End PBXNativeTarget section */

/* Begin PBXProject section */
		18156F301D03FD310073BA45 /* Project object */ = {
			isa = PBXProject;
			attributes = {
				LastSwiftUpdateCheck = 0730;
				LastUpgradeCheck = 0730;
				ORGANIZATIONNAME = peng.li.xxn;
				TargetAttributes = {
					18156F371D03FD310073BA45 = {
						CreatedOnToolsVersion = 7.3.1;
						DevelopmentTeam = 6ER5D96NUG;
					};
					18156F4B1D03FD320073BA45 = {
						CreatedOnToolsVersion = 7.3.1;
						DevelopmentTeam = 6ER5D96NUG;
						TestTargetID = 18156F371D03FD310073BA45;
					};
					18156F561D03FD320073BA45 = {
						CreatedOnToolsVersion = 7.3.1;
						DevelopmentTeam = 6ER5D96NUG;
						TestTargetID = 18156F371D03FD310073BA45;
					};
				};
			};
			buildConfigurationList = 18156F331D03FD310073BA45 /* Build configuration list for PBXProject "segueTypeDemo" */;
			compatibilityVersion = "Xcode 3.2";
			developmentRegion = English;
			hasScannedForEncodings = 0;
			knownRegions = (
				en,
				Base,
			);
			mainGroup = 18156F2F1D03FD310073BA45;
			productRefGroup = 18156F391D03FD310073BA45 /* Products */;
			projectDirPath = "";
			projectRoot = "";
			targets = (
				18156F371D03FD310073BA45 /* segueTypeDemo */,
				18156F4B1D03FD320073BA45 /* segueTypeDemoTests */,
				18156F561D03FD320073BA45 /* segueTypeDemoUITests */,
			);
		};
/* End PBXProject section */

/* Begin PBXResourcesBuildPhase section */
		18156F361D03FD310073BA45 /* Resources */ = {
			isa = PBXResourcesBuildPhase;
			buildActionMask = 2147483647;
			files = (
				18156F461D03FD320073BA45 /* LaunchScreen.storyboard in Resources */,
				18156F431D03FD320073BA45 /* Assets.xcassets in Resources */,
				18156F411D03FD320073BA45 /* Main.storyboard in Resources */,
			);
			runOnlyForDeploymentPostprocessing = 0;
		};
		18156F4A1D03FD320073BA45 /* Resources */ = {
			isa = PBXResourcesBuildPhase;
			buildActionMask = 2147483647;
			files = (
			);
			runOnlyForDeploymentPostprocessing = 0;
		};
		18156F551D03FD320073BA45 /* Resources */ = {
			isa = PBXResourcesBuildPhase;
			buildActionMask = 2147483647;
			files = (
			);
			runOnlyForDeploymentPostprocessing = 0;
		};
/* End PBXResourcesBuildPhase section */

/* Begin PBXSourcesBuildPhase section */
		18156F341D03FD310073BA45 /* Sources */ = {
			isa = PBXSourcesBuildPhase;
			buildActionMask = 2147483647;
			files = (
				18156F6F1D040B070073BA45 /* View2.swift in Sources */,
				18156F3E1D03FD320073BA45 /* ViewController.swift in Sources */,
				18156F6A1D0406340073BA45 /* SegueHandlerType.swift in Sources */,
				18156F6C1D040AFA0073BA45 /* View1.swift in Sources */,
				18156F3C1D03FD320073BA45 /* AppDelegate.swift in Sources */,
			);
			runOnlyForDeploymentPostprocessing = 0;
		};
		18156F481D03FD320073BA45 /* Sources */ = {
			isa = PBXSourcesBuildPhase;
			buildActionMask = 2147483647;
			files = (
				18156F511D03FD320073BA45 /* segueTypeDemoTests.swift in Sources */,
			);
			runOnlyForDeploymentPostprocessing = 0;
		};
		18156F531D03FD320073BA45 /* Sources */ = {
			isa = PBXSourcesBuildPhase;
			buildActionMask = 2147483647;
			files = (
				18156F5C1D03FD320073BA45 /* segueTypeDemoUITests.swift in Sources */,
			);
			runOnlyForDeploymentPostprocessing = 0;
		};
/* End PBXSourcesBuildPhase section */

/* Begin PBXTargetDependency section */
		18156F4E1D03FD320073BA45 /* PBXTargetDependency */ = {
			isa = PBXTargetDependency;
			target = 18156F371D03FD310073BA45 /* segueTypeDemo */;
			targetProxy = 18156F4D1D03FD320073BA45 /* PBXContainerItemProxy */;
		};
		18156F591D03FD320073BA45 /* PBXTargetDependency */ = {
			isa = PBXTargetDependency;
			target = 18156F371D03FD310073BA45 /* segueTypeDemo */;
			targetProxy = 18156F581D03FD320073BA45 /* PBXContainerItemProxy */;
		};
/* End PBXTargetDependency section */

/* Begin PBXVariantGroup section */
		18156F3F1D03FD320073BA45 /* Main.storyboard */ = {
			isa = PBXVariantGroup;
			children = (
				18156F401D03FD320073BA45 /* Base */,
			);
			name = Main.storyboard;
			sourceTree = "<group>";
		};
		18156F441D03FD320073BA45 /* LaunchScreen.storyboard */ = {
			isa = PBXVariantGroup;
			children = (
				18156F451D03FD320073BA45 /* Base */,
			);
			name = LaunchScreen.storyboard;
			sourceTree = "<group>";
		};
/* End PBXVariantGroup section */

/* Begin XCBuildConfiguration section */
		18156F5E1D03FD320073BA45 /* Debug */ = {
			isa = XCBuildConfiguration;
			buildSettings = {
				ALWAYS_SEARCH_USER_PATHS = NO;
				CLANG_ANALYZER_NONNULL = YES;
				CLANG_CXX_LANGUAGE_STANDARD = "gnu++0x";
				CLANG_CXX_LIBRARY = "libc++";
				CLANG_ENABLE_MODULES = YES;
				CLANG_ENABLE_OBJC_ARC = YES;
				CLANG_WARN_BOOL_CONVERSION = YES;
				CLANG_WARN_CONSTANT_CONVERSION = YES;
				CLANG_WARN_DIRECT_OBJC_ISA_USAGE = YES_ERROR;
				CLANG_WARN_EMPTY_BODY = YES;
				CLANG_WARN_ENUM_CONVERSION = YES;
				CLANG_WARN_INT_CONVERSION = YES;
				CLANG_WARN_OBJC_ROOT_CLASS = YES_ERROR;
				CLANG_WARN_UNREACHABLE_CODE = YES;
				CLANG_WARN__DUPLICATE_METHOD_MATCH = YES;
				"CODE_SIGN_IDENTITY[sdk=iphoneos*]" = "iPhone Developer";
				COPY_PHASE_STRIP = NO;
				DEBUG_INFORMATION_FORMAT = dwarf;
				ENABLE_STRICT_OBJC_MSGSEND = YES;
				ENABLE_TESTABILITY = YES;
				GCC_C_LANGUAGE_STANDARD = gnu99;
				GCC_DYNAMIC_NO_PIC = NO;
				GCC_NO_COMMON_BLOCKS = YES;
				GCC_OPTIMIZATION_LEVEL = 0;
				GCC_PREPROCESSOR_DEFINITIONS = (
					"DEBUG=1",
					"$(inherited)",
				);
				GCC_WARN_64_TO_32_BIT_CONVERSION = YES;
				GCC_WARN_ABOUT_RETURN_TYPE = YES_ERROR;
				GCC_WARN_UNDECLARED_SELECTOR = YES;
				GCC_WARN_UNINITIALIZED_AUTOS = YES_AGGRESSIVE;
				GCC_WARN_UNUSED_FUNCTION = YES;
				GCC_WARN_UNUSED_VARIABLE = YES;
				IPHONEOS_DEPLOYMENT_TARGET = 9.3;
				MTL_ENABLE_DEBUG_INFO = YES;
				ONLY_ACTIVE_ARCH = YES;
				SDKROOT = iphoneos;
				SWIFT_OPTIMIZATION_LEVEL = "-Onone";
			};
			name = Debug;
		};
		18156F5F1D03FD320073BA45 /* Release */ = {
			isa = XCBuildConfiguration;
			buildSettings = {
				ALWAYS_SEARCH_USER_PATHS = NO;
				CLANG_ANALYZER_NONNULL = YES;
				CLANG_CXX_LANGUAGE_STANDARD = "gnu++0x";
				CLANG_CXX_LIBRARY = "libc++";
				CLANG_ENABLE_MODULES = YES;
				CLANG_ENABLE_OBJC_ARC = YES;
				CLANG_WARN_BOOL_CONVERSION = YES;
				CLANG_WARN_CONSTANT_CONVERSION = YES;
				CLANG_WARN_DIRECT_OBJC_ISA_USAGE = YES_ERROR;
				CLANG_WARN_EMPTY_BODY = YES;
				CLANG_WARN_ENUM_CONVERSION = YES;
				CLANG_WARN_INT_CONVERSION = YES;
				CLANG_WARN_OBJC_ROOT_CLASS = YES_ERROR;
				CLANG_WARN_UNREACHABLE_CODE = YES;
				CLANG_WARN__DUPLICATE_METHOD_MATCH = YES;
				"CODE_SIGN_IDENTITY[sdk=iphoneos*]" = "iPhone Developer";
				COPY_PHASE_STRIP = NO;
				DEBUG_INFORMATION_FORMAT = "dwarf-with-dsym";
				ENABLE_NS_ASSERTIONS = NO;
				ENABLE_STRICT_OBJC_MSGSEND = YES;
				GCC_C_LANGUAGE_STANDARD = gnu99;
				GCC_NO_COMMON_BLOCKS = YES;
				GCC_WARN_64_TO_32_BIT_CONVERSION = YES;
				GCC_WARN_ABOUT_RETURN_TYPE = YES_ERROR;
				GCC_WARN_UNDECLARED_SELECTOR = YES;
				GCC_WARN_UNINITIALIZED_AUTOS = YES_AGGRESSIVE;
				GCC_WARN_UNUSED_FUNCTION = YES;
				GCC_WARN_UNUSED_VARIABLE = YES;
				IPHONEOS_DEPLOYMENT_TARGET = 9.3;
				MTL_ENABLE_DEBUG_INFO = NO;
				SDKROOT = iphoneos;
				VALIDATE_PRODUCT = YES;
			};
			name = Release;
		};
		18156F611D03FD320073BA45 /* Debug */ = {
			isa = XCBuildConfiguration;
			buildSettings = {
				ASSETCATALOG_COMPILER_APPICON_NAME = AppIcon;
				INFOPLIST_FILE = segueTypeDemo/Info.plist;
				LD_RUNPATH_SEARCH_PATHS = "$(inherited) @executable_path/Frameworks";
				PRODUCT_BUNDLE_IDENTIFIER = pengli.xxn.com.segueTypeDemo;
				PRODUCT_NAME = "$(TARGET_NAME)";
			};
			name = Debug;
		};
		18156F621D03FD320073BA45 /* Release */ = {
			isa = XCBuildConfiguration;
			buildSettings = {
				ASSETCATALOG_COMPILER_APPICON_NAME = AppIcon;
				INFOPLIST_FILE = segueTypeDemo/Info.plist;
				LD_RUNPATH_SEARCH_PATHS = "$(inherited) @executable_path/Frameworks";
				PRODUCT_BUNDLE_IDENTIFIER = pengli.xxn.com.segueTypeDemo;
				PRODUCT_NAME = "$(TARGET_NAME)";
			};
			name = Release;
		};
		18156F641D03FD320073BA45 /* Debug */ = {
			isa = XCBuildConfiguration;
			buildSettings = {
				BUNDLE_LOADER = "$(TEST_HOST)";
				INFOPLIST_FILE = segueTypeDemoTests/Info.plist;
				LD_RUNPATH_SEARCH_PATHS = "$(inherited) @executable_path/Frameworks @loader_path/Frameworks";
				PRODUCT_BUNDLE_IDENTIFIER = pengli.xxn.com.segueTypeDemoTests;
				PRODUCT_NAME = "$(TARGET_NAME)";
				TEST_HOST = "$(BUILT_PRODUCTS_DIR)/segueTypeDemo.app/segueTypeDemo";
			};
			name = Debug;
		};
		18156F651D03FD320073BA45 /* Release */ = {
			isa = XCBuildConfiguration;
			buildSettings = {
				BUNDLE_LOADER = "$(TEST_HOST)";
				INFOPLIST_FILE = segueTypeDemoTests/Info.plist;
				LD_RUNPATH_SEARCH_PATHS = "$(inherited) @executable_path/Frameworks @loader_path/Frameworks";
				PRODUCT_BUNDLE_IDENTIFIER = pengli.xxn.com.segueTypeDemoTests;
				PRODUCT_NAME = "$(TARGET_NAME)";
				TEST_HOST = "$(BUILT_PRODUCTS_DIR)/segueTypeDemo.app/segueTypeDemo";
			};
			name = Release;
		};
		18156F671D03FD320073BA45 /* Debug */ = {
			isa = XCBuildConfiguration;
			buildSettings = {
				INFOPLIST_FILE = segueTypeDemoUITests/Info.plist;
				LD_RUNPATH_SEARCH_PATHS = "$(inherited) @executable_path/Frameworks @loader_path/Frameworks";
				PRODUCT_BUNDLE_IDENTIFIER = pengli.xxn.com.segueTypeDemoUITests;
				PRODUCT_NAME = "$(TARGET_NAME)";
				TEST_TARGET_NAME = segueTypeDemo;
			};
			name = Debug;
		};
		18156F681D03FD320073BA45 /* Release */ = {
			isa = XCBuildConfiguration;
			buildSettings = {
				INFOPLIST_FILE = segueTypeDemoUITests/Info.plist;
				LD_RUNPATH_SEARCH_PATHS = "$(inherited) @executable_path/Frameworks @loader_path/Frameworks";
				PRODUCT_BUNDLE_IDENTIFIER = pengli.xxn.com.segueTypeDemoUITests;
				PRODUCT_NAME = "$(TARGET_NAME)";
				TEST_TARGET_NAME = segueTypeDemo;
			};
			name = Release;
		};
/* End XCBuildConfiguration section */

/* Begin XCConfigurationList section */
		18156F331D03FD310073BA45 /* Build configuration list for PBXProject "segueTypeDemo" */ = {
			isa = XCConfigurationList;
			buildConfigurations = (
				18156F5E1D03FD320073BA45 /* Debug */,
				18156F5F1D03FD320073BA45 /* Release */,
			);
			defaultConfigurationIsVisible = 0;
			defaultConfigurationName = Release;
		};
		18156F601D03FD320073BA45 /* Build configuration list for PBXNativeTarget "segueTypeDemo" */ = {
			isa = XCConfigurationList;
			buildConfigurations = (
				18156F611D03FD320073BA45 /* Debug */,
				18156F621D03FD320073BA45 /* Release */,
			);
			defaultConfigurationIsVisible = 0;
		};
		18156F631D03FD320073BA45 /* Build configuration list for PBXNativeTarget "segueTypeDemoTests" */ = {
			isa = XCConfigurationList;
			buildConfigurations = (
				18156F641D03FD320073BA45 /* Debug */,
				18156F651D03FD320073BA45 /* Release */,
			);
			defaultConfigurationIsVisible = 0;
		};
		18156F661D03FD320073BA45 /* Build configuration list for PBXNativeTarget "segueTypeDemoUITests" */ = {
			isa = XCConfigurationList;
			buildConfigurations = (
				18156F671D03FD320073BA45 /* Debug */,
				18156F681D03FD320073BA45 /* Release */,
			);
			defaultConfigurationIsVisible = 0;
		};
/* End XCConfigurationList section */
	};
	rootObject = 18156F301D03FD310073BA45 /* Project object */;
}
